// !$*UTF8*$!
{
	archiveVersion = 1;
	classes = {
	};
	objectVersion = 56;
	objects = {

/* Begin PBXBuildFile section */
		0916E7E12AEC843E008C2AEA /* CornerToMask.swift in Sources */ = {isa = PBXBuildFile; fileRef = 0916E7E02AEC843E008C2AEA /* CornerToMask.swift */; };
		0916E7E32AEC86D2008C2AEA /* WelcomeCell.swift in Sources */ = {isa = PBXBuildFile; fileRef = 0916E7E22AEC86D2008C2AEA /* WelcomeCell.swift */; };
		096286442AD9ED5D00B1508F /* OnboardCoordinator.swift in Sources */ = {isa = PBXBuildFile; fileRef = 096286432AD9ED5D00B1508F /* OnboardCoordinator.swift */; };
		096286472ADA011600B1508F /* CustomButton.swift in Sources */ = {isa = PBXBuildFile; fileRef = 096286462ADA011600B1508F /* CustomButton.swift */; };
		096286492ADA033000B1508F /* UIColor.swift in Sources */ = {isa = PBXBuildFile; fileRef = 096286482ADA033000B1508F /* UIColor.swift */; };
		097E0C8A2AD89C75001D2012 /* UserDefaults.swift in Sources */ = {isa = PBXBuildFile; fileRef = 097E0C892AD89C75001D2012 /* UserDefaults.swift */; };
		097E0C8D2AD89EF7001D2012 /* OnboardingViewController.swift in Sources */ = {isa = PBXBuildFile; fileRef = 097E0C8C2AD89EF7001D2012 /* OnboardingViewController.swift */; };
		097E0C8F2AD89F08001D2012 /* OnboardingViewModel.swift in Sources */ = {isa = PBXBuildFile; fileRef = 097E0C8E2AD89F08001D2012 /* OnboardingViewModel.swift */; };
		097E0C912AD89F12001D2012 /* OnboardingModel.swift in Sources */ = {isa = PBXBuildFile; fileRef = 097E0C902AD89F12001D2012 /* OnboardingModel.swift */; };
		097E0C942AD8A004001D2012 /* Coordinator.swift in Sources */ = {isa = PBXBuildFile; fileRef = 097E0C932AD8A004001D2012 /* Coordinator.swift */; };
		097E0C972AD8A54F001D2012 /* AppCoordinator.swift in Sources */ = {isa = PBXBuildFile; fileRef = 097E0C962AD8A54F001D2012 /* AppCoordinator.swift */; };
		09A4832A2ADC96D400DB8933 /* ViewProtocol.swift in Sources */ = {isa = PBXBuildFile; fileRef = 09A483292ADC96D400DB8933 /* ViewProtocol.swift */; };
		09A4832C2ADC9DB800DB8933 /* UIViewController.swift in Sources */ = {isa = PBXBuildFile; fileRef = 09A4832B2ADC9DB800DB8933 /* UIViewController.swift */; };
		09BF47AD2ADDED49004995AF /* ModalViewController.swift in Sources */ = {isa = PBXBuildFile; fileRef = 09BF47AC2ADDED49004995AF /* ModalViewController.swift */; };
		09D738B52ADF3650001B7D63 /* WelcomeViewController.swift in Sources */ = {isa = PBXBuildFile; fileRef = 09D738B42ADF3650001B7D63 /* WelcomeViewController.swift */; };
		09D738B72ADF3662001B7D63 /* WelcomeViewModel.swift in Sources */ = {isa = PBXBuildFile; fileRef = 09D738B62ADF3662001B7D63 /* WelcomeViewModel.swift */; };
		09D738B92ADF369E001B7D63 /* WelcomeModel.swift in Sources */ = {isa = PBXBuildFile; fileRef = 09D738B82ADF369E001B7D63 /* WelcomeModel.swift */; };
		09D738BB2ADF3782001B7D63 /* NotificationCenter.swift in Sources */ = {isa = PBXBuildFile; fileRef = 09D738BA2ADF3782001B7D63 /* NotificationCenter.swift */; };
		09D738BD2AE1DB25001B7D63 /* WelcomeTableDelegate + DataSource.swift in Sources */ = {isa = PBXBuildFile; fileRef = 09D738BC2AE1DB25001B7D63 /* WelcomeTableDelegate + DataSource.swift */; };
		09D738BF2AE1DFF9001B7D63 /* LabelCluster.swift in Sources */ = {isa = PBXBuildFile; fileRef = 09D738BE2AE1DFF9001B7D63 /* LabelCluster.swift */; };
		09D94F062AD5FDEC00801C3F /* AppDelegate.swift in Sources */ = {isa = PBXBuildFile; fileRef = 09D94F052AD5FDEC00801C3F /* AppDelegate.swift */; };
		09D94F082AD5FDEC00801C3F /* SceneDelegate.swift in Sources */ = {isa = PBXBuildFile; fileRef = 09D94F072AD5FDEC00801C3F /* SceneDelegate.swift */; };
		09D94F0F2AD5FDEE00801C3F /* Assets.xcassets in Resources */ = {isa = PBXBuildFile; fileRef = 09D94F0E2AD5FDEE00801C3F /* Assets.xcassets */; };
		09D94F122AD5FDEE00801C3F /* LaunchScreen.storyboard in Resources */ = {isa = PBXBuildFile; fileRef = 09D94F102AD5FDEE00801C3F /* LaunchScreen.storyboard */; };
/* End PBXBuildFile section */

/* Begin PBXFileReference section */
		0916E7E02AEC843E008C2AEA /* CornerToMask.swift */ = {isa = PBXFileReference; lastKnownFileType = sourcecode.swift; path = CornerToMask.swift; sourceTree = "<group>"; };
		0916E7E22AEC86D2008C2AEA /* WelcomeCell.swift */ = {isa = PBXFileReference; lastKnownFileType = sourcecode.swift; path = WelcomeCell.swift; sourceTree = "<group>"; };
		096286432AD9ED5D00B1508F /* OnboardCoordinator.swift */ = {isa = PBXFileReference; lastKnownFileType = sourcecode.swift; path = OnboardCoordinator.swift; sourceTree = "<group>"; };
		096286462ADA011600B1508F /* CustomButton.swift */ = {isa = PBXFileReference; lastKnownFileType = sourcecode.swift; path = CustomButton.swift; sourceTree = "<group>"; };
		096286482ADA033000B1508F /* UIColor.swift */ = {isa = PBXFileReference; lastKnownFileType = sourcecode.swift; path = UIColor.swift; sourceTree = "<group>"; };
		097E0C892AD89C75001D2012 /* UserDefaults.swift */ = {isa = PBXFileReference; lastKnownFileType = sourcecode.swift; path = UserDefaults.swift; sourceTree = "<group>"; };
		097E0C8C2AD89EF7001D2012 /* OnboardingViewController.swift */ = {isa = PBXFileReference; lastKnownFileType = sourcecode.swift; path = OnboardingViewController.swift; sourceTree = "<group>"; };
		097E0C8E2AD89F08001D2012 /* OnboardingViewModel.swift */ = {isa = PBXFileReference; lastKnownFileType = sourcecode.swift; path = OnboardingViewModel.swift; sourceTree = "<group>"; };
		097E0C902AD89F12001D2012 /* OnboardingModel.swift */ = {isa = PBXFileReference; lastKnownFileType = sourcecode.swift; path = OnboardingModel.swift; sourceTree = "<group>"; };
		097E0C932AD8A004001D2012 /* Coordinator.swift */ = {isa = PBXFileReference; lastKnownFileType = sourcecode.swift; path = Coordinator.swift; sourceTree = "<group>"; };
		097E0C962AD8A54F001D2012 /* AppCoordinator.swift */ = {isa = PBXFileReference; lastKnownFileType = sourcecode.swift; path = AppCoordinator.swift; sourceTree = "<group>"; };
		09A483292ADC96D400DB8933 /* ViewProtocol.swift */ = {isa = PBXFileReference; lastKnownFileType = sourcecode.swift; path = ViewProtocol.swift; sourceTree = "<group>"; };
		09A4832B2ADC9DB800DB8933 /* UIViewController.swift */ = {isa = PBXFileReference; lastKnownFileType = sourcecode.swift; path = UIViewController.swift; sourceTree = "<group>"; };
		09BF47AC2ADDED49004995AF /* ModalViewController.swift */ = {isa = PBXFileReference; lastKnownFileType = sourcecode.swift; path = ModalViewController.swift; sourceTree = "<group>"; };
		09D738B42ADF3650001B7D63 /* WelcomeViewController.swift */ = {isa = PBXFileReference; lastKnownFileType = sourcecode.swift; path = WelcomeViewController.swift; sourceTree = "<group>"; };
		09D738B62ADF3662001B7D63 /* WelcomeViewModel.swift */ = {isa = PBXFileReference; lastKnownFileType = sourcecode.swift; path = WelcomeViewModel.swift; sourceTree = "<group>"; };
		09D738B82ADF369E001B7D63 /* WelcomeModel.swift */ = {isa = PBXFileReference; lastKnownFileType = sourcecode.swift; path = WelcomeModel.swift; sourceTree = "<group>"; };
		09D738BA2ADF3782001B7D63 /* NotificationCenter.swift */ = {isa = PBXFileReference; lastKnownFileType = sourcecode.swift; path = NotificationCenter.swift; sourceTree = "<group>"; };
		09D738BC2AE1DB25001B7D63 /* WelcomeTableDelegate + DataSource.swift */ = {isa = PBXFileReference; lastKnownFileType = sourcecode.swift; path = "WelcomeTableDelegate + DataSource.swift"; sourceTree = "<group>"; };
		09D738BE2AE1DFF9001B7D63 /* LabelCluster.swift */ = {isa = PBXFileReference; lastKnownFileType = sourcecode.swift; path = LabelCluster.swift; sourceTree = "<group>"; };
		09D94F022AD5FDEC00801C3F /* MVVMCExample.app */ = {isa = PBXFileReference; explicitFileType = wrapper.application; includeInIndex = 0; path = MVVMCExample.app; sourceTree = BUILT_PRODUCTS_DIR; };
		09D94F052AD5FDEC00801C3F /* AppDelegate.swift */ = {isa = PBXFileReference; lastKnownFileType = sourcecode.swift; path = AppDelegate.swift; sourceTree = "<group>"; };
		09D94F072AD5FDEC00801C3F /* SceneDelegate.swift */ = {isa = PBXFileReference; lastKnownFileType = sourcecode.swift; path = SceneDelegate.swift; sourceTree = "<group>"; };
		09D94F0E2AD5FDEE00801C3F /* Assets.xcassets */ = {isa = PBXFileReference; lastKnownFileType = folder.assetcatalog; path = Assets.xcassets; sourceTree = "<group>"; };
		09D94F112AD5FDEE00801C3F /* Base */ = {isa = PBXFileReference; lastKnownFileType = file.storyboard; name = Base; path = Base.lproj/LaunchScreen.storyboard; sourceTree = "<group>"; };
		09D94F132AD5FDEE00801C3F /* Info.plist */ = {isa = PBXFileReference; lastKnownFileType = text.plist.xml; path = Info.plist; sourceTree = "<group>"; };
/* End PBXFileReference section */

/* Begin PBXFrameworksBuildPhase section */
		09D94EFF2AD5FDEC00801C3F /* Frameworks */ = {
			isa = PBXFrameworksBuildPhase;
			buildActionMask = 2147483647;
			files = (
			);
			runOnlyForDeploymentPostprocessing = 0;
		};
/* End PBXFrameworksBuildPhase section */

/* Begin PBXGroup section */
		096286452ADA00F700B1508F /* Components */ = {
			isa = PBXGroup;
			children = (
				096286462ADA011600B1508F /* CustomButton.swift */,
				09D738BE2AE1DFF9001B7D63 /* LabelCluster.swift */,
				0916E7E02AEC843E008C2AEA /* CornerToMask.swift */,
			);
			path = Components;
			sourceTree = "<group>";
		};
		097E0C872AD89C19001D2012 /* Base Files */ = {
			isa = PBXGroup;
			children = (
				09D94F052AD5FDEC00801C3F /* AppDelegate.swift */,
				09D94F072AD5FDEC00801C3F /* SceneDelegate.swift */,
			);
			path = "Base Files";
			sourceTree = "<group>";
		};
		097E0C882AD89C66001D2012 /* Extensions */ = {
			isa = PBXGroup;
			children = (
				097E0C892AD89C75001D2012 /* UserDefaults.swift */,
				096286482ADA033000B1508F /* UIColor.swift */,
				09A4832B2ADC9DB800DB8933 /* UIViewController.swift */,
				09D738BA2ADF3782001B7D63 /* NotificationCenter.swift */,
			);
			path = Extensions;
			sourceTree = "<group>";
		};
		097E0C8B2AD89ED6001D2012 /* Onboarding */ = {
			isa = PBXGroup;
			children = (
				097E0C8C2AD89EF7001D2012 /* OnboardingViewController.swift */,
				097E0C8E2AD89F08001D2012 /* OnboardingViewModel.swift */,
				097E0C902AD89F12001D2012 /* OnboardingModel.swift */,
				096286432AD9ED5D00B1508F /* OnboardCoordinator.swift */,
				09BF47AC2ADDED49004995AF /* ModalViewController.swift */,
			);
			path = Onboarding;
			sourceTree = "<group>";
		};
		097E0C922AD89FBA001D2012 /* Scenes */ = {
			isa = PBXGroup;
			children = (
				097E0C952AD8A0C4001D2012 /* WelcomeScreen */,
				097E0C8B2AD89ED6001D2012 /* Onboarding */,
				097E0C932AD8A004001D2012 /* Coordinator.swift */,
				097E0C962AD8A54F001D2012 /* AppCoordinator.swift */,
				09A483292ADC96D400DB8933 /* ViewProtocol.swift */,
			);
			path = Scenes;
			sourceTree = "<group>";
		};
		097E0C952AD8A0C4001D2012 /* WelcomeScreen */ = {
			isa = PBXGroup;
			children = (
				09D738B42ADF3650001B7D63 /* WelcomeViewController.swift */,
				09D738B62ADF3662001B7D63 /* WelcomeViewModel.swift */,
				09D738B82ADF369E001B7D63 /* WelcomeModel.swift */,
				09D738BC2AE1DB25001B7D63 /* WelcomeTableDelegate + DataSource.swift */,
				0916E7E22AEC86D2008C2AEA /* WelcomeCell.swift */,
			);
			path = WelcomeScreen;
			sourceTree = "<group>";
		};
		09D94EF92AD5FDEC00801C3F = {
			isa = PBXGroup;
			children = (
				09D94F042AD5FDEC00801C3F /* MVVMCExample */,
				09D94F032AD5FDEC00801C3F /* Products */,
			);
			sourceTree = "<group>";
		};
		09D94F032AD5FDEC00801C3F /* Products */ = {
			isa = PBXGroup;
			children = (
				09D94F022AD5FDEC00801C3F /* MVVMCExample.app */,
			);
			name = Products;
			sourceTree = "<group>";
		};
		09D94F042AD5FDEC00801C3F /* MVVMCExample */ = {
			isa = PBXGroup;
			children = (
				096286452ADA00F700B1508F /* Components */,
				097E0C922AD89FBA001D2012 /* Scenes */,
				097E0C882AD89C66001D2012 /* Extensions */,
				097E0C872AD89C19001D2012 /* Base Files */,
				09D94F0E2AD5FDEE00801C3F /* Assets.xcassets */,
				09D94F102AD5FDEE00801C3F /* LaunchScreen.storyboard */,
				09D94F132AD5FDEE00801C3F /* Info.plist */,
			);
			path = MVVMCExample;
			sourceTree = "<group>";
		};
/* End PBXGroup section */

/* Begin PBXNativeTarget section */
		09D94F012AD5FDEC00801C3F /* MVVMCExample */ = {
			isa = PBXNativeTarget;
			buildConfigurationList = 09D94F162AD5FDEE00801C3F /* Build configuration list for PBXNativeTarget "MVVMCExample" */;
			buildPhases = (
				09D94EFE2AD5FDEC00801C3F /* Sources */,
				09D94EFF2AD5FDEC00801C3F /* Frameworks */,
				09D94F002AD5FDEC00801C3F /* Resources */,
			);
			buildRules = (
			);
			dependencies = (
			);
			name = MVVMCExample;
			productName = MVVMCExample;
			productReference = 09D94F022AD5FDEC00801C3F /* MVVMCExample.app */;
			productType = "com.apple.product-type.application";
		};
/* End PBXNativeTarget section */

/* Begin PBXProject section */
		09D94EFA2AD5FDEC00801C3F /* Project object */ = {
			isa = PBXProject;
			attributes = {
				BuildIndependentTargetsInParallel = 1;
				LastSwiftUpdateCheck = 1430;
				LastUpgradeCheck = 1430;
				TargetAttributes = {
					09D94F012AD5FDEC00801C3F = {
						CreatedOnToolsVersion = 14.3.1;
					};
				};
			};
			buildConfigurationList = 09D94EFD2AD5FDEC00801C3F /* Build configuration list for PBXProject "MVVMCExample" */;
			compatibilityVersion = "Xcode 14.0";
			developmentRegion = en;
			hasScannedForEncodings = 0;
			knownRegions = (
				en,
				Base,
			);
			mainGroup = 09D94EF92AD5FDEC00801C3F;
			productRefGroup = 09D94F032AD5FDEC00801C3F /* Products */;
			projectDirPath = "";
			projectRoot = "";
			targets = (
				09D94F012AD5FDEC00801C3F /* MVVMCExample */,
			);
		};
/* End PBXProject section */

/* Begin PBXResourcesBuildPhase section */
		09D94F002AD5FDEC00801C3F /* Resources */ = {
			isa = PBXResourcesBuildPhase;
			buildActionMask = 2147483647;
			files = (
				09D94F122AD5FDEE00801C3F /* LaunchScreen.storyboard in Resources */,
				09D94F0F2AD5FDEE00801C3F /* Assets.xcassets in Resources */,
			);
			runOnlyForDeploymentPostprocessing = 0;
		};
/* End PBXResourcesBuildPhase section */

/* Begin PBXSourcesBuildPhase section */
		09D94EFE2AD5FDEC00801C3F /* Sources */ = {
			isa = PBXSourcesBuildPhase;
			buildActionMask = 2147483647;
			files = (
				0916E7E32AEC86D2008C2AEA /* WelcomeCell.swift in Sources */,
				09A4832C2ADC9DB800DB8933 /* UIViewController.swift in Sources */,
				09D738B52ADF3650001B7D63 /* WelcomeViewController.swift in Sources */,
				09BF47AD2ADDED49004995AF /* ModalViewController.swift in Sources */,
				097E0C942AD8A004001D2012 /* Coordinator.swift in Sources */,
				096286492ADA033000B1508F /* UIColor.swift in Sources */,
				09D738BB2ADF3782001B7D63 /* NotificationCenter.swift in Sources */,
				0916E7E12AEC843E008C2AEA /* CornerToMask.swift in Sources */,
				097E0C8A2AD89C75001D2012 /* UserDefaults.swift in Sources */,
				09D738B92ADF369E001B7D63 /* WelcomeModel.swift in Sources */,
				097E0C8F2AD89F08001D2012 /* OnboardingViewModel.swift in Sources */,
				09A4832A2ADC96D400DB8933 /* ViewProtocol.swift in Sources */,
				09D738BD2AE1DB25001B7D63 /* WelcomeTableDelegate + DataSource.swift in Sources */,
				09D738BF2AE1DFF9001B7D63 /* LabelCluster.swift in Sources */,
				09D738B72ADF3662001B7D63 /* WelcomeViewModel.swift in Sources */,
				09D94F062AD5FDEC00801C3F /* AppDelegate.swift in Sources */,
				097E0C912AD89F12001D2012 /* OnboardingModel.swift in Sources */,
				096286442AD9ED5D00B1508F /* OnboardCoordinator.swift in Sources */,
				096286472ADA011600B1508F /* CustomButton.swift in Sources */,
				097E0C972AD8A54F001D2012 /* AppCoordinator.swift in Sources */,
				097E0C8D2AD89EF7001D2012 /* OnboardingViewController.swift in Sources */,
				09D94F082AD5FDEC00801C3F /* SceneDelegate.swift in Sources */,
			);
			runOnlyForDeploymentPostprocessing = 0;
		};
/* End PBXSourcesBuildPhase section */

/* Begin PBXVariantGroup section */
		09D94F102AD5FDEE00801C3F /* LaunchScreen.storyboard */ = {
			isa = PBXVariantGroup;
			children = (
				09D94F112AD5FDEE00801C3F /* Base */,
			);
			name = LaunchScreen.storyboard;
			sourceTree = "<group>";
		};
/* End PBXVariantGroup section */

/* Begin XCBuildConfiguration section */
		09D94F142AD5FDEE00801C3F /* Debug */ = {
			isa = XCBuildConfiguration;
			buildSettings = {
				ALWAYS_SEARCH_USER_PATHS = NO;
				CLANG_ANALYZER_NONNULL = YES;
				CLANG_ANALYZER_NUMBER_OBJECT_CONVERSION = YES_AGGRESSIVE;
				CLANG_CXX_LANGUAGE_STANDARD = "gnu++20";
				CLANG_ENABLE_MODULES = YES;
				CLANG_ENABLE_OBJC_ARC = YES;
				CLANG_ENABLE_OBJC_WEAK = YES;
				CLANG_WARN_BLOCK_CAPTURE_AUTORELEASING = YES;
				CLANG_WARN_BOOL_CONVERSION = YES;
				CLANG_WARN_COMMA = YES;
				CLANG_WARN_CONSTANT_CONVERSION = YES;
				CLANG_WARN_DEPRECATED_OBJC_IMPLEMENTATIONS = YES;
				CLANG_WARN_DIRECT_OBJC_ISA_USAGE = YES_ERROR;
				CLANG_WARN_DOCUMENTATION_COMMENTS = YES;
				CLANG_WARN_EMPTY_BODY = YES;
				CLANG_WARN_ENUM_CONVERSION = YES;
				CLANG_WARN_INFINITE_RECURSION = YES;
				CLANG_WARN_INT_CONVERSION = YES;
				CLANG_WARN_NON_LITERAL_NULL_CONVERSION = YES;
				CLANG_WARN_OBJC_IMPLICIT_RETAIN_SELF = YES;
				CLANG_WARN_OBJC_LITERAL_CONVERSION = YES;
				CLANG_WARN_OBJC_ROOT_CLASS = YES_ERROR;
				CLANG_WARN_QUOTED_INCLUDE_IN_FRAMEWORK_HEADER = YES;
				CLANG_WARN_RANGE_LOOP_ANALYSIS = YES;
				CLANG_WARN_STRICT_PROTOTYPES = YES;
				CLANG_WARN_SUSPICIOUS_MOVE = YES;
				CLANG_WARN_UNGUARDED_AVAILABILITY = YES_AGGRESSIVE;
				CLANG_WARN_UNREACHABLE_CODE = YES;
				CLANG_WARN__DUPLICATE_METHOD_MATCH = YES;
				COPY_PHASE_STRIP = NO;
				DEBUG_INFORMATION_FORMAT = dwarf;
				ENABLE_STRICT_OBJC_MSGSEND = YES;
				ENABLE_TESTABILITY = YES;
				GCC_C_LANGUAGE_STANDARD = gnu11;
				GCC_DYNAMIC_NO_PIC = NO;
				GCC_NO_COMMON_BLOCKS = YES;
				GCC_OPTIMIZATION_LEVEL = 0;
				GCC_PREPROCESSOR_DEFINITIONS = (
					"DEBUG=1",
					"$(inherited)",
				);
				GCC_WARN_64_TO_32_BIT_CONVERSION = YES;
				GCC_WARN_ABOUT_RETURN_TYPE = YES_ERROR;
				GCC_WARN_UNDECLARED_SELECTOR = YES;
				GCC_WARN_UNINITIALIZED_AUTOS = YES_AGGRESSIVE;
				GCC_WARN_UNUSED_FUNCTION = YES;
				GCC_WARN_UNUSED_VARIABLE = YES;
				IPHONEOS_DEPLOYMENT_TARGET = 16.4;
				MTL_ENABLE_DEBUG_INFO = INCLUDE_SOURCE;
				MTL_FAST_MATH = YES;
				ONLY_ACTIVE_ARCH = YES;
				SDKROOT = iphoneos;
				SWIFT_ACTIVE_COMPILATION_CONDITIONS = DEBUG;
				SWIFT_OPTIMIZATION_LEVEL = "-Onone";
			};
			name = Debug;
		};
		09D94F152AD5FDEE00801C3F /* Release */ = {
			isa = XCBuildConfiguration;
			buildSettings = {
				ALWAYS_SEARCH_USER_PATHS = NO;
				CLANG_ANALYZER_NONNULL = YES;
				CLANG_ANALYZER_NUMBER_OBJECT_CONVERSION = YES_AGGRESSIVE;
				CLANG_CXX_LANGUAGE_STANDARD = "gnu++20";
				CLANG_ENABLE_MODULES = YES;
				CLANG_ENABLE_OBJC_ARC = YES;
				CLANG_ENABLE_OBJC_WEAK = YES;
				CLANG_WARN_BLOCK_CAPTURE_AUTORELEASING = YES;
				CLANG_WARN_BOOL_CONVERSION = YES;
				CLANG_WARN_COMMA = YES;
				CLANG_WARN_CONSTANT_CONVERSION = YES;
				CLANG_WARN_DEPRECATED_OBJC_IMPLEMENTATIONS = YES;
				CLANG_WARN_DIRECT_OBJC_ISA_USAGE = YES_ERROR;
				CLANG_WARN_DOCUMENTATION_COMMENTS = YES;
				CLANG_WARN_EMPTY_BODY = YES;
				CLANG_WARN_ENUM_CONVERSION = YES;
				CLANG_WARN_INFINITE_RECURSION = YES;
				CLANG_WARN_INT_CONVERSION = YES;
				CLANG_WARN_NON_LITERAL_NULL_CONVERSION = YES;
				CLANG_WARN_OBJC_IMPLICIT_RETAIN_SELF = YES;
				CLANG_WARN_OBJC_LITERAL_CONVERSION = YES;
				CLANG_WARN_OBJC_ROOT_CLASS = YES_ERROR;
				CLANG_WARN_QUOTED_INCLUDE_IN_FRAMEWORK_HEADER = YES;
				CLANG_WARN_RANGE_LOOP_ANALYSIS = YES;
				CLANG_WARN_STRICT_PROTOTYPES = YES;
				CLANG_WARN_SUSPICIOUS_MOVE = YES;
				CLANG_WARN_UNGUARDED_AVAILABILITY = YES_AGGRESSIVE;
				CLANG_WARN_UNREACHABLE_CODE = YES;
				CLANG_WARN__DUPLICATE_METHOD_MATCH = YES;
				COPY_PHASE_STRIP = NO;
				DEBUG_INFORMATION_FORMAT = "dwarf-with-dsym";
				ENABLE_NS_ASSERTIONS = NO;
				ENABLE_STRICT_OBJC_MSGSEND = YES;
				GCC_C_LANGUAGE_STANDARD = gnu11;
				GCC_NO_COMMON_BLOCKS = YES;
				GCC_WARN_64_TO_32_BIT_CONVERSION = YES;
				GCC_WARN_ABOUT_RETURN_TYPE = YES_ERROR;
				GCC_WARN_UNDECLARED_SELECTOR = YES;
				GCC_WARN_UNINITIALIZED_AUTOS = YES_AGGRESSIVE;
				GCC_WARN_UNUSED_FUNCTION = YES;
				GCC_WARN_UNUSED_VARIABLE = YES;
				IPHONEOS_DEPLOYMENT_TARGET = 16.4;
				MTL_ENABLE_DEBUG_INFO = NO;
				MTL_FAST_MATH = YES;
				SDKROOT = iphoneos;
				SWIFT_COMPILATION_MODE = wholemodule;
				SWIFT_OPTIMIZATION_LEVEL = "-O";
				VALIDATE_PRODUCT = YES;
			};
			name = Release;
		};
		09D94F172AD5FDEE00801C3F /* Debug */ = {
			isa = XCBuildConfiguration;
			buildSettings = {
				ASSETCATALOG_COMPILER_APPICON_NAME = AppIcon;
				ASSETCATALOG_COMPILER_GLOBAL_ACCENT_COLOR_NAME = AccentColor;
				CODE_SIGN_STYLE = Automatic;
				CURRENT_PROJECT_VERSION = 1;
				DEVELOPMENT_TEAM = G8P85U8XP2;
				GENERATE_INFOPLIST_FILE = YES;
				INFOPLIST_FILE = MVVMCExample/Info.plist;
				INFOPLIST_KEY_UIApplicationSupportsIndirectInputEvents = YES;
				INFOPLIST_KEY_UILaunchStoryboardName = LaunchScreen;
				INFOPLIST_KEY_UISupportedInterfaceOrientations_iPad = "UIInterfaceOrientationPortrait UIInterfaceOrientationPortraitUpsideDown UIInterfaceOrientationLandscapeLeft UIInterfaceOrientationLandscapeRight";
				INFOPLIST_KEY_UISupportedInterfaceOrientations_iPhone = "UIInterfaceOrientationPortrait UIInterfaceOrientationLandscapeLeft UIInterfaceOrientationLandscapeRight";
				LD_RUNPATH_SEARCH_PATHS = (
					"$(inherited)",
					"@executable_path/Frameworks",
				);
				MARKETING_VERSION = 1.0;
				PRODUCT_BUNDLE_IDENTIFIER = com.lugalu.architectures.MVVMCExample;
				PRODUCT_NAME = "$(TARGET_NAME)";
				SWIFT_EMIT_LOC_STRINGS = YES;
				SWIFT_VERSION = 5.0;
				TARGETED_DEVICE_FAMILY = "1,2";
			};
			name = Debug;
		};
		09D94F182AD5FDEE00801C3F /* Release */ = {
			isa = XCBuildConfiguration;
			buildSettings = {
				ASSETCATALOG_COMPILER_APPICON_NAME = AppIcon;
				ASSETCATALOG_COMPILER_GLOBAL_ACCENT_COLOR_NAME = AccentColor;
				CODE_SIGN_STYLE = Automatic;
				CURRENT_PROJECT_VERSION = 1;
				DEVELOPMENT_TEAM = G8P85U8XP2;
				GENERATE_INFOPLIST_FILE = YES;
				INFOPLIST_FILE = MVVMCExample/Info.plist;
				INFOPLIST_KEY_UIApplicationSupportsIndirectInputEvents = YES;
				INFOPLIST_KEY_UILaunchStoryboardName = LaunchScreen;
				INFOPLIST_KEY_UISupportedInterfaceOrientations_iPad = "UIInterfaceOrientationPortrait UIInterfaceOrientationPortraitUpsideDown UIInterfaceOrientationLandscapeLeft UIInterfaceOrientationLandscapeRight";
				INFOPLIST_KEY_UISupportedInterfaceOrientations_iPhone = "UIInterfaceOrientationPortrait UIInterfaceOrientationLandscapeLeft UIInterfaceOrientationLandscapeRight";
				LD_RUNPATH_SEARCH_PATHS = (
					"$(inherited)",
					"@executable_path/Frameworks",
				);
				MARKETING_VERSION = 1.0;
				PRODUCT_BUNDLE_IDENTIFIER = com.lugalu.architectures.MVVMCExample;
				PRODUCT_NAME = "$(TARGET_NAME)";
				SWIFT_EMIT_LOC_STRINGS = YES;
				SWIFT_VERSION = 5.0;
				TARGETED_DEVICE_FAMILY = "1,2";
			};
			name = Release;
		};
/* End XCBuildConfiguration section */

/* Begin XCConfigurationList section */
		09D94EFD2AD5FDEC00801C3F /* Build configuration list for PBXProject "MVVMCExample" */ = {
			isa = XCConfigurationList;
			buildConfigurations = (
				09D94F142AD5FDEE00801C3F /* Debug */,
				09D94F152AD5FDEE00801C3F /* Release */,
			);
			defaultConfigurationIsVisible = 0;
			defaultConfigurationName = Release;
		};
		09D94F162AD5FDEE00801C3F /* Build configuration list for PBXNativeTarget "MVVMCExample" */ = {
			isa = XCConfigurationList;
			buildConfigurations = (
				09D94F172AD5FDEE00801C3F /* Debug */,
				09D94F182AD5FDEE00801C3F /* Release */,
			);
			defaultConfigurationIsVisible = 0;
			defaultConfigurationName = Release;
		};
/* End XCConfigurationList section */
	};
	rootObject = 09D94EFA2AD5FDEC00801C3F /* Project object */;
}
